
Microsoft Visual Studio Solution File, Format Version 12.00
# Visual Studio Version 17
VisualStudioVersion = 17.3.32922.545
MinimumVisualStudioVersion = 10.0.40219.1
Project("{FAE04EC0-301F-11D3-BF4B-00C04F79EFBC}") = "Weapon + personage", "Weapon + personage\Weapon + personage.csproj", "{F4E0CD80-6F05-4943-B54A-40DE943C1200}"
EndProject
Global
	GlobalSection(SolutionConfigurationPlatforms) = preSolution
		Debug|Any CPU = Debug|Any CPU
		Release|Any CPU = Release|Any CPU
	EndGlobalSection
	GlobalSection(ProjectConfigurationPlatforms) = postSolution
		{F4E0CD80-6F05-4943-B54A-40DE943C1200}.Debug|Any CPU.ActiveCfg = Debug|Any CPU
		{F4E0CD80-6F05-4943-B54A-40DE943C1200}.Debug|Any CPU.Build.0 = Debug|Any CPU
		{F4E0CD80-6F05-4943-B54A-40DE943C1200}.Release|Any CPU.ActiveCfg = Release|Any CPU
		{F4E0CD80-6F05-4943-B54A-40DE943C1200}.Release|Any CPU.Build.0 = Release|Any CPU
	EndGlobalSection
	GlobalSection(SolutionProperties) = preSolution
		HideSolutionNode = FALSE
	EndGlobalSection
	GlobalSection(ExtensibilityGlobals) = postSolution
		SolutionGuid = {AAC97C47-9B3B-4C3C-AFA5-951AF13009BD}
	EndGlobalSection
EndGlobal
